// !$*UTF8*$!
{
	archiveVersion = 1;
	classes = {
	};
	objectVersion = 50;
	objects = {

/* Begin PBXBuildFile section */
		3A0A324A21FA20D900D8CC32 /* SearchViewController.swift in Sources */ = {isa = PBXBuildFile; fileRef = 3A0A324921FA20D900D8CC32 /* SearchViewController.swift */; };
		3A3749442238015A000DB7F0 /* Reciplease.xcdatamodeld in Sources */ = {isa = PBXBuildFile; fileRef = 3A3749422238015A000DB7F0 /* Reciplease.xcdatamodeld */; };
		3A382F8B2208986D0054074E /* RecipesList.swift in Sources */ = {isa = PBXBuildFile; fileRef = 3A382F8A2208986D0054074E /* RecipesList.swift */; };
		3A382F8F220DB1FA0054074E /* TodaysRecipe.swift in Sources */ = {isa = PBXBuildFile; fileRef = 3A382F8E220DB1FA0054074E /* TodaysRecipe.swift */; };
		3A382F91220DB3D30054074E /* TodaysRecipeTableViewController.swift in Sources */ = {isa = PBXBuildFile; fileRef = 3A382F90220DB3D30054074E /* TodaysRecipeTableViewController.swift */; };
		3A382F982211A5E80054074E /* TabBarViewController.swift in Sources */ = {isa = PBXBuildFile; fileRef = 3A382F972211A5E80054074E /* TabBarViewController.swift */; };
		3A3F99C021FA09E800C466BA /* TodaysRecipeViewController.swift in Sources */ = {isa = PBXBuildFile; fileRef = 3A3F99BF21FA09E800C466BA /* TodaysRecipeViewController.swift */; };
		3A3FB86D22390522008466A8 /* RecipeData.swift in Sources */ = {isa = PBXBuildFile; fileRef = 3A3FB86C22390522008466A8 /* RecipeData.swift */; };
		3A3FB87F223FC4AD008466A8 /* RecipeTests.swift in Sources */ = {isa = PBXBuildFile; fileRef = 3A3FB87E223FC4AD008466A8 /* RecipeTests.swift */; };
		3A3FB881223FD24E008466A8 /* RecipeListTests.swift in Sources */ = {isa = PBXBuildFile; fileRef = 3A3FB880223FD24E008466A8 /* RecipeListTests.swift */; };
		3A3FB883223FD3E1008466A8 /* TodaysRecipeTests.swift in Sources */ = {isa = PBXBuildFile; fileRef = 3A3FB882223FD3E1008466A8 /* TodaysRecipeTests.swift */; };
		3A3FB885223FD706008466A8 /* IngredientsListTests.swift in Sources */ = {isa = PBXBuildFile; fileRef = 3A3FB884223FD706008466A8 /* IngredientsListTests.swift */; };
		3A3FB887223FD714008466A8 /* RecipeDataTests.swift in Sources */ = {isa = PBXBuildFile; fileRef = 3A3FB886223FD714008466A8 /* RecipeDataTests.swift */; };
		3A3FB889223FD721008466A8 /* RecipeServiceTests.swift in Sources */ = {isa = PBXBuildFile; fileRef = 3A3FB888223FD721008466A8 /* RecipeServiceTests.swift */; };
		3A41DDF321F9FD7D00501748 /* AppDelegate.swift in Sources */ = {isa = PBXBuildFile; fileRef = 3A41DDF221F9FD7D00501748 /* AppDelegate.swift */; };
		3A41DDFA21F9FD7D00501748 /* Main.storyboard in Resources */ = {isa = PBXBuildFile; fileRef = 3A41DDF821F9FD7D00501748 /* Main.storyboard */; };
		3A41DDFC21F9FD7E00501748 /* Assets.xcassets in Resources */ = {isa = PBXBuildFile; fileRef = 3A41DDFB21F9FD7E00501748 /* Assets.xcassets */; };
		3A41DDFF21F9FD7E00501748 /* LaunchScreen.storyboard in Resources */ = {isa = PBXBuildFile; fileRef = 3A41DDFD21F9FD7E00501748 /* LaunchScreen.storyboard */; };
		3A41DE1521FA017000501748 /* RecipesTableViewController.swift in Sources */ = {isa = PBXBuildFile; fileRef = 3A41DE1421FA017000501748 /* RecipesTableViewController.swift */; };
		3A41DE1721FA024400501748 /* RecipeDetailsViewController.swift in Sources */ = {isa = PBXBuildFile; fileRef = 3A41DE1621FA024400501748 /* RecipeDetailsViewController.swift */; };
		3A41DE1921FA03A500501748 /* FavoritesTableViewController.swift in Sources */ = {isa = PBXBuildFile; fileRef = 3A41DE1821FA03A500501748 /* FavoritesTableViewController.swift */; };
		3A42DB2E21FB35C7007F6D3C /* Recipe.swift in Sources */ = {isa = PBXBuildFile; fileRef = 3A42DB2D21FB35C7007F6D3C /* Recipe.swift */; };
		3A42DB3021FB3675007F6D3C /* IngredientsList.swift in Sources */ = {isa = PBXBuildFile; fileRef = 3A42DB2F21FB3675007F6D3C /* IngredientsList.swift */; };
		3A58465322020BD100138015 /* RecipeCell.xib in Resources */ = {isa = PBXBuildFile; fileRef = 3A58465222020BD100138015 /* RecipeCell.xib */; };
		3A854B9622B7C38F000BE71E /* Constants.swift in Sources */ = {isa = PBXBuildFile; fileRef = 3A854B9522B7C38F000BE71E /* Constants.swift */; };
		3A854B9822B7E3BE000BE71E /* WebKit.framework in Frameworks */ = {isa = PBXBuildFile; fileRef = 3A854B9722B7E3BE000BE71E /* WebKit.framework */; };
		3AA228CF221DAF4F0093AAB5 /* WebViewController.swift in Sources */ = {isa = PBXBuildFile; fileRef = 3AA228CE221DAF4F0093AAB5 /* WebViewController.swift */; };
		3AA228D32221A8DB0093AAB5 /* AnimationsManager.swift in Sources */ = {isa = PBXBuildFile; fileRef = 3AA228D22221A8DB0093AAB5 /* AnimationsManager.swift */; };
		3AB17D6021FB58CE00730C6F /* RecipeService.swift in Sources */ = {isa = PBXBuildFile; fileRef = 3AB17D5F21FB58CE00730C6F /* RecipeService.swift */; };
		3AB6DBDB21FE461500F02C4E /* RecipeTableViewCell.swift in Sources */ = {isa = PBXBuildFile; fileRef = 3AB6DBDA21FE461500F02C4E /* RecipeTableViewCell.swift */; };
		3AD4C6C2229440C30066F675 /* UIViewControllerExtension.swift in Sources */ = {isa = PBXBuildFile; fileRef = 3AD4C6C1229440C30066F675 /* UIViewControllerExtension.swift */; };
		3AE6DBDD22269B3A0053F741 /* ImagesManager.swift in Sources */ = {isa = PBXBuildFile; fileRef = 3AE6DBDC22269B3A0053F741 /* ImagesManager.swift */; };
		76DA3B9CAAB4C5D6262F635D /* Pods_Reciplease.framework in Frameworks */ = {isa = PBXBuildFile; fileRef = 820038537A31C6A264C1D8EB /* Pods_Reciplease.framework */; };
/* End PBXBuildFile section */

/* Begin PBXContainerItemProxy section */
		3A3FB879223FBFFF008466A8 /* PBXContainerItemProxy */ = {
			isa = PBXContainerItemProxy;
			containerPortal = 3A41DDE721F9FD7D00501748 /* Project object */;
			proxyType = 1;
			remoteGlobalIDString = 3A41DDEE21F9FD7D00501748;
			remoteInfo = Reciplease;
		};
/* End PBXContainerItemProxy section */

/* Begin PBXFileReference section */
		3A0A324921FA20D900D8CC32 /* SearchViewController.swift */ = {isa = PBXFileReference; lastKnownFileType = sourcecode.swift; path = SearchViewController.swift; sourceTree = "<group>"; };
		3A3749432238015A000DB7F0 /* Reciplease.xcdatamodel */ = {isa = PBXFileReference; lastKnownFileType = wrapper.xcdatamodel; path = Reciplease.xcdatamodel; sourceTree = "<group>"; };
		3A382F8A2208986D0054074E /* RecipesList.swift */ = {isa = PBXFileReference; lastKnownFileType = sourcecode.swift; path = RecipesList.swift; sourceTree = "<group>"; };
		3A382F8E220DB1FA0054074E /* TodaysRecipe.swift */ = {isa = PBXFileReference; lastKnownFileType = sourcecode.swift; path = TodaysRecipe.swift; sourceTree = "<group>"; };
		3A382F90220DB3D30054074E /* TodaysRecipeTableViewController.swift */ = {isa = PBXFileReference; lastKnownFileType = sourcecode.swift; path = TodaysRecipeTableViewController.swift; sourceTree = "<group>"; };
		3A382F972211A5E80054074E /* TabBarViewController.swift */ = {isa = PBXFileReference; lastKnownFileType = sourcecode.swift; path = TabBarViewController.swift; sourceTree = "<group>"; };
		3A3F99BF21FA09E800C466BA /* TodaysRecipeViewController.swift */ = {isa = PBXFileReference; lastKnownFileType = sourcecode.swift; path = TodaysRecipeViewController.swift; sourceTree = "<group>"; };
		3A3FB86C22390522008466A8 /* RecipeData.swift */ = {isa = PBXFileReference; lastKnownFileType = sourcecode.swift; path = RecipeData.swift; sourceTree = "<group>"; };
		3A3FB874223FBFFF008466A8 /* RecipleaseTests.xctest */ = {isa = PBXFileReference; explicitFileType = wrapper.cfbundle; includeInIndex = 0; path = RecipleaseTests.xctest; sourceTree = BUILT_PRODUCTS_DIR; };
		3A3FB878223FBFFF008466A8 /* Info.plist */ = {isa = PBXFileReference; lastKnownFileType = text.plist.xml; path = Info.plist; sourceTree = "<group>"; };
		3A3FB87E223FC4AD008466A8 /* RecipeTests.swift */ = {isa = PBXFileReference; lastKnownFileType = sourcecode.swift; path = RecipeTests.swift; sourceTree = "<group>"; };
		3A3FB880223FD24E008466A8 /* RecipeListTests.swift */ = {isa = PBXFileReference; lastKnownFileType = sourcecode.swift; path = RecipeListTests.swift; sourceTree = "<group>"; };
		3A3FB882223FD3E1008466A8 /* TodaysRecipeTests.swift */ = {isa = PBXFileReference; lastKnownFileType = sourcecode.swift; path = TodaysRecipeTests.swift; sourceTree = "<group>"; };
		3A3FB884223FD706008466A8 /* IngredientsListTests.swift */ = {isa = PBXFileReference; lastKnownFileType = sourcecode.swift; path = IngredientsListTests.swift; sourceTree = "<group>"; };
		3A3FB886223FD714008466A8 /* RecipeDataTests.swift */ = {isa = PBXFileReference; lastKnownFileType = sourcecode.swift; path = RecipeDataTests.swift; sourceTree = "<group>"; };
		3A3FB888223FD721008466A8 /* RecipeServiceTests.swift */ = {isa = PBXFileReference; lastKnownFileType = sourcecode.swift; path = RecipeServiceTests.swift; sourceTree = "<group>"; };
		3A41DDEF21F9FD7D00501748 /* Reciplease.app */ = {isa = PBXFileReference; explicitFileType = wrapper.application; includeInIndex = 0; path = Reciplease.app; sourceTree = BUILT_PRODUCTS_DIR; };
		3A41DDF221F9FD7D00501748 /* AppDelegate.swift */ = {isa = PBXFileReference; lastKnownFileType = sourcecode.swift; path = AppDelegate.swift; sourceTree = "<group>"; };
		3A41DDF921F9FD7D00501748 /* Base */ = {isa = PBXFileReference; lastKnownFileType = file.storyboard; name = Base; path = Base.lproj/Main.storyboard; sourceTree = "<group>"; };
		3A41DDFB21F9FD7E00501748 /* Assets.xcassets */ = {isa = PBXFileReference; lastKnownFileType = folder.assetcatalog; path = Assets.xcassets; sourceTree = "<group>"; };
		3A41DDFE21F9FD7E00501748 /* Base */ = {isa = PBXFileReference; lastKnownFileType = file.storyboard; name = Base; path = Base.lproj/LaunchScreen.storyboard; sourceTree = "<group>"; };
		3A41DE0021F9FD7E00501748 /* Info.plist */ = {isa = PBXFileReference; lastKnownFileType = text.plist.xml; path = Info.plist; sourceTree = "<group>"; };
		3A41DE1421FA017000501748 /* RecipesTableViewController.swift */ = {isa = PBXFileReference; lastKnownFileType = sourcecode.swift; path = RecipesTableViewController.swift; sourceTree = "<group>"; };
		3A41DE1621FA024400501748 /* RecipeDetailsViewController.swift */ = {isa = PBXFileReference; lastKnownFileType = sourcecode.swift; path = RecipeDetailsViewController.swift; sourceTree = "<group>"; };
		3A41DE1821FA03A500501748 /* FavoritesTableViewController.swift */ = {isa = PBXFileReference; lastKnownFileType = sourcecode.swift; path = FavoritesTableViewController.swift; sourceTree = "<group>"; };
		3A42DB2D21FB35C7007F6D3C /* Recipe.swift */ = {isa = PBXFileReference; lastKnownFileType = sourcecode.swift; path = Recipe.swift; sourceTree = "<group>"; };
		3A42DB2F21FB3675007F6D3C /* IngredientsList.swift */ = {isa = PBXFileReference; lastKnownFileType = sourcecode.swift; path = IngredientsList.swift; sourceTree = "<group>"; };
		3A58465222020BD100138015 /* RecipeCell.xib */ = {isa = PBXFileReference; lastKnownFileType = file.xib; path = RecipeCell.xib; sourceTree = "<group>"; };
		3A854B9522B7C38F000BE71E /* Constants.swift */ = {isa = PBXFileReference; lastKnownFileType = sourcecode.swift; path = Constants.swift; sourceTree = "<group>"; };
		3A854B9722B7E3BE000BE71E /* WebKit.framework */ = {isa = PBXFileReference; lastKnownFileType = wrapper.framework; name = WebKit.framework; path = System/Library/Frameworks/WebKit.framework; sourceTree = SDKROOT; };
		3AA228CE221DAF4F0093AAB5 /* WebViewController.swift */ = {isa = PBXFileReference; lastKnownFileType = sourcecode.swift; path = WebViewController.swift; sourceTree = "<group>"; };
		3AA228D22221A8DB0093AAB5 /* AnimationsManager.swift */ = {isa = PBXFileReference; lastKnownFileType = sourcecode.swift; path = AnimationsManager.swift; sourceTree = "<group>"; };
		3AB17D5F21FB58CE00730C6F /* RecipeService.swift */ = {isa = PBXFileReference; lastKnownFileType = sourcecode.swift; path = RecipeService.swift; sourceTree = "<group>"; };
		3AB6DBDA21FE461500F02C4E /* RecipeTableViewCell.swift */ = {isa = PBXFileReference; lastKnownFileType = sourcecode.swift; path = RecipeTableViewCell.swift; sourceTree = "<group>"; };
		3AD4C6C1229440C30066F675 /* UIViewControllerExtension.swift */ = {isa = PBXFileReference; lastKnownFileType = sourcecode.swift; path = UIViewControllerExtension.swift; sourceTree = "<group>"; };
		3AE6DBDC22269B3A0053F741 /* ImagesManager.swift */ = {isa = PBXFileReference; lastKnownFileType = sourcecode.swift; path = ImagesManager.swift; sourceTree = "<group>"; };
		50841EF5759CE96FBAE8E0FD /* Pods-Reciplease.release.xcconfig */ = {isa = PBXFileReference; includeInIndex = 1; lastKnownFileType = text.xcconfig; name = "Pods-Reciplease.release.xcconfig"; path = "Pods/Target Support Files/Pods-Reciplease/Pods-Reciplease.release.xcconfig"; sourceTree = "<group>"; };
		820038537A31C6A264C1D8EB /* Pods_Reciplease.framework */ = {isa = PBXFileReference; explicitFileType = wrapper.framework; includeInIndex = 0; path = Pods_Reciplease.framework; sourceTree = BUILT_PRODUCTS_DIR; };
		DE438F92B7F78D34B000F808 /* Pods-Reciplease.debug.xcconfig */ = {isa = PBXFileReference; includeInIndex = 1; lastKnownFileType = text.xcconfig; name = "Pods-Reciplease.debug.xcconfig"; path = "Pods/Target Support Files/Pods-Reciplease/Pods-Reciplease.debug.xcconfig"; sourceTree = "<group>"; };
/* End PBXFileReference section */

/* Begin PBXFrameworksBuildPhase section */
		3A3FB871223FBFFF008466A8 /* Frameworks */ = {
			isa = PBXFrameworksBuildPhase;
			buildActionMask = 2147483647;
			files = (
			);
			runOnlyForDeploymentPostprocessing = 0;
		};
		3A41DDEC21F9FD7D00501748 /* Frameworks */ = {
			isa = PBXFrameworksBuildPhase;
			buildActionMask = 2147483647;
			files = (
				3A854B9822B7E3BE000BE71E /* WebKit.framework in Frameworks */,
				76DA3B9CAAB4C5D6262F635D /* Pods_Reciplease.framework in Frameworks */,
			);
			runOnlyForDeploymentPostprocessing = 0;
		};
/* End PBXFrameworksBuildPhase section */

/* Begin PBXGroup section */
		3A0052D6229C22AF007628AF /* Services */ = {
			isa = PBXGroup;
			children = (
				3AB17D5F21FB58CE00730C6F /* RecipeService.swift */,
			);
			path = Services;
			sourceTree = "<group>";
		};
		3A0052D7229C22F5007628AF /* TableViewControllers */ = {
			isa = PBXGroup;
			children = (
				3A41DE1421FA017000501748 /* RecipesTableViewController.swift */,
				3A41DE1821FA03A500501748 /* FavoritesTableViewController.swift */,
				3A382F90220DB3D30054074E /* TodaysRecipeTableViewController.swift */,
			);
			path = TableViewControllers;
			sourceTree = "<group>";
		};
		3A3F99C121FA0A2300C466BA /* Controllers */ = {
			isa = PBXGroup;
			children = (
				3A0A324921FA20D900D8CC32 /* SearchViewController.swift */,
				3A3F99BF21FA09E800C466BA /* TodaysRecipeViewController.swift */,
				3A41DE1621FA024400501748 /* RecipeDetailsViewController.swift */,
				3AA228CE221DAF4F0093AAB5 /* WebViewController.swift */,
				3A382F972211A5E80054074E /* TabBarViewController.swift */,
			);
			path = Controllers;
			sourceTree = "<group>";
		};
		3A3F99C221FA0A2C00C466BA /* View */ = {
			isa = PBXGroup;
			children = (
				3A41DDF821F9FD7D00501748 /* Main.storyboard */,
				3A58465222020BD100138015 /* RecipeCell.xib */,
			);
			path = View;
			sourceTree = "<group>";
		};
		3A3F99C321FA0A3100C466BA /* Models */ = {
			isa = PBXGroup;
			children = (
				3A3749422238015A000DB7F0 /* Reciplease.xcdatamodeld */,
				3A3FB86C22390522008466A8 /* RecipeData.swift */,
				3A42DB2D21FB35C7007F6D3C /* Recipe.swift */,
				3A382F8A2208986D0054074E /* RecipesList.swift */,
				3A42DB2F21FB3675007F6D3C /* IngredientsList.swift */,
				3A382F8E220DB1FA0054074E /* TodaysRecipe.swift */,
			);
			path = Models;
			sourceTree = "<group>";
		};
		3A3F99C421FA0A3700C466BA /* Supporting Files */ = {
			isa = PBXGroup;
			children = (
				3A41DDF221F9FD7D00501748 /* AppDelegate.swift */,
				3A41DDFB21F9FD7E00501748 /* Assets.xcassets */,
				3A41DDFD21F9FD7E00501748 /* LaunchScreen.storyboard */,
				3A41DE0021F9FD7E00501748 /* Info.plist */,
			);
			path = "Supporting Files";
			sourceTree = "<group>";
		};
		3A3FB875223FBFFF008466A8 /* RecipleaseTests */ = {
			isa = PBXGroup;
			children = (
				3A3FB878223FBFFF008466A8 /* Info.plist */,
				3A3FB886223FD714008466A8 /* RecipeDataTests.swift */,
				3A3FB87E223FC4AD008466A8 /* RecipeTests.swift */,
				3A3FB880223FD24E008466A8 /* RecipeListTests.swift */,
				3A3FB884223FD706008466A8 /* IngredientsListTests.swift */,
				3A3FB882223FD3E1008466A8 /* TodaysRecipeTests.swift */,
				3A3FB888223FD721008466A8 /* RecipeServiceTests.swift */,
			);
			path = RecipleaseTests;
			sourceTree = "<group>";
		};
		3A41DDE621F9FD7D00501748 = {
			isa = PBXGroup;
			children = (
				3A41DDF121F9FD7D00501748 /* Reciplease */,
				3A3FB875223FBFFF008466A8 /* RecipleaseTests */,
				3A41DDF021F9FD7D00501748 /* Products */,
				96302BF3E3C739B3320270F2 /* Pods */,
				AA7B78A00284291FD1404222 /* Frameworks */,
			);
			sourceTree = "<group>";
		};
		3A41DDF021F9FD7D00501748 /* Products */ = {
			isa = PBXGroup;
			children = (
				3A41DDEF21F9FD7D00501748 /* Reciplease.app */,
				3A3FB874223FBFFF008466A8 /* RecipleaseTests.xctest */,
			);
			name = Products;
			sourceTree = "<group>";
		};
		3A41DDF121F9FD7D00501748 /* Reciplease */ = {
			isa = PBXGroup;
			children = (
				3A3F99C121FA0A2300C466BA /* Controllers */,
				3A0052D7229C22F5007628AF /* TableViewControllers */,
				3A3F99C221FA0A2C00C466BA /* View */,
				3A854B9322B7C2D5000BE71E /* Cells */,
				3A3F99C321FA0A3100C466BA /* Models */,
				3AA228D12221A8990093AAB5 /* Managers */,
				3A0052D6229C22AF007628AF /* Services */,
				3A854B9422B7C378000BE71E /* Constants */,
				3AD4C6C0229440930066F675 /* Extensions */,
				3A3F99C421FA0A3700C466BA /* Supporting Files */,
			);
			path = Reciplease;
			sourceTree = "<group>";
		};
		3A854B9322B7C2D5000BE71E /* Cells */ = {
			isa = PBXGroup;
			children = (
				3AB6DBDA21FE461500F02C4E /* RecipeTableViewCell.swift */,
			);
			path = Cells;
			sourceTree = "<group>";
		};
		3A854B9422B7C378000BE71E /* Constants */ = {
			isa = PBXGroup;
			children = (
				3A854B9522B7C38F000BE71E /* Constants.swift */,
			);
			path = Constants;
			sourceTree = "<group>";
		};
		3AA228D12221A8990093AAB5 /* Managers */ = {
			isa = PBXGroup;
			children = (
				3AE6DBDC22269B3A0053F741 /* ImagesManager.swift */,
				3AA228D22221A8DB0093AAB5 /* AnimationsManager.swift */,
			);
			path = Managers;
			sourceTree = "<group>";
		};
		3AD4C6C0229440930066F675 /* Extensions */ = {
			isa = PBXGroup;
			children = (
				3AD4C6C1229440C30066F675 /* UIViewControllerExtension.swift */,
			);
			path = Extensions;
			sourceTree = "<group>";
		};
		96302BF3E3C739B3320270F2 /* Pods */ = {
			isa = PBXGroup;
			children = (
				DE438F92B7F78D34B000F808 /* Pods-Reciplease.debug.xcconfig */,
				50841EF5759CE96FBAE8E0FD /* Pods-Reciplease.release.xcconfig */,
			);
			name = Pods;
			sourceTree = "<group>";
		};
		AA7B78A00284291FD1404222 /* Frameworks */ = {
			isa = PBXGroup;
			children = (
				3A854B9722B7E3BE000BE71E /* WebKit.framework */,
				820038537A31C6A264C1D8EB /* Pods_Reciplease.framework */,
			);
			name = Frameworks;
			sourceTree = "<group>";
		};
/* End PBXGroup section */

/* Begin PBXNativeTarget section */
		3A3FB873223FBFFF008466A8 /* RecipleaseTests */ = {
			isa = PBXNativeTarget;
			buildConfigurationList = 3A3FB87B223FBFFF008466A8 /* Build configuration list for PBXNativeTarget "RecipleaseTests" */;
			buildPhases = (
				3A3FB870223FBFFF008466A8 /* Sources */,
				3A3FB871223FBFFF008466A8 /* Frameworks */,
				3A3FB872223FBFFF008466A8 /* Resources */,
			);
			buildRules = (
			);
			dependencies = (
				3A3FB87A223FBFFF008466A8 /* PBXTargetDependency */,
			);
			name = RecipleaseTests;
			productName = RecipleaseTests;
			productReference = 3A3FB874223FBFFF008466A8 /* RecipleaseTests.xctest */;
			productType = "com.apple.product-type.bundle.unit-test";
		};
		3A41DDEE21F9FD7D00501748 /* Reciplease */ = {
			isa = PBXNativeTarget;
			buildConfigurationList = 3A41DE0E21F9FD7E00501748 /* Build configuration list for PBXNativeTarget "Reciplease" */;
			buildPhases = (
				33AC0B4B9E6ACBE62A127BCF /* [CP] Check Pods Manifest.lock */,
				3A41DDEB21F9FD7D00501748 /* Sources */,
				3A41DDEC21F9FD7D00501748 /* Frameworks */,
				3A41DDED21F9FD7D00501748 /* Resources */,
				881F015D6BA02EE4A2E72E60 /* [CP] Embed Pods Frameworks */,
			);
			buildRules = (
			);
			dependencies = (
			);
			name = Reciplease;
			productName = Reciplease;
			productReference = 3A41DDEF21F9FD7D00501748 /* Reciplease.app */;
			productType = "com.apple.product-type.application";
		};
/* End PBXNativeTarget section */

/* Begin PBXProject section */
		3A41DDE721F9FD7D00501748 /* Project object */ = {
			isa = PBXProject;
			attributes = {
				LastSwiftUpdateCheck = 1010;
				LastUpgradeCheck = 1010;
				ORGANIZATIONNAME = "Adrien Carvalot";
				TargetAttributes = {
					3A3FB873223FBFFF008466A8 = {
						CreatedOnToolsVersion = 10.1;
						LastSwiftMigration = 1020;
						TestTargetID = 3A41DDEE21F9FD7D00501748;
					};
					3A41DDEE21F9FD7D00501748 = {
						CreatedOnToolsVersion = 10.1;
						LastSwiftMigration = 1020;
					};
				};
			};
			buildConfigurationList = 3A41DDEA21F9FD7D00501748 /* Build configuration list for PBXProject "Reciplease" */;
			compatibilityVersion = "Xcode 9.3";
			developmentRegion = en;
			hasScannedForEncodings = 0;
			knownRegions = (
				en,
				Base,
			);
			mainGroup = 3A41DDE621F9FD7D00501748;
			productRefGroup = 3A41DDF021F9FD7D00501748 /* Products */;
			projectDirPath = "";
			projectRoot = "";
			targets = (
				3A41DDEE21F9FD7D00501748 /* Reciplease */,
				3A3FB873223FBFFF008466A8 /* RecipleaseTests */,
			);
		};
/* End PBXProject section */

/* Begin PBXResourcesBuildPhase section */
		3A3FB872223FBFFF008466A8 /* Resources */ = {
			isa = PBXResourcesBuildPhase;
			buildActionMask = 2147483647;
			files = (
			);
			runOnlyForDeploymentPostprocessing = 0;
		};
		3A41DDED21F9FD7D00501748 /* Resources */ = {
			isa = PBXResourcesBuildPhase;
			buildActionMask = 2147483647;
			files = (
				3A41DDFF21F9FD7E00501748 /* LaunchScreen.storyboard in Resources */,
				3A41DDFC21F9FD7E00501748 /* Assets.xcassets in Resources */,
				3A58465322020BD100138015 /* RecipeCell.xib in Resources */,
				3A41DDFA21F9FD7D00501748 /* Main.storyboard in Resources */,
			);
			runOnlyForDeploymentPostprocessing = 0;
		};
/* End PBXResourcesBuildPhase section */

/* Begin PBXShellScriptBuildPhase section */
		33AC0B4B9E6ACBE62A127BCF /* [CP] Check Pods Manifest.lock */ = {
			isa = PBXShellScriptBuildPhase;
			buildActionMask = 2147483647;
			files = (
			);
			inputFileListPaths = (
			);
			inputPaths = (
				"${PODS_PODFILE_DIR_PATH}/Podfile.lock",
				"${PODS_ROOT}/Manifest.lock",
			);
			name = "[CP] Check Pods Manifest.lock";
			outputFileListPaths = (
			);
			outputPaths = (
				"$(DERIVED_FILE_DIR)/Pods-Reciplease-checkManifestLockResult.txt",
			);
			runOnlyForDeploymentPostprocessing = 0;
			shellPath = /bin/sh;
			shellScript = "diff \"${PODS_PODFILE_DIR_PATH}/Podfile.lock\" \"${PODS_ROOT}/Manifest.lock\" > /dev/null\nif [ $? != 0 ] ; then\n    # print error to STDERR\n    echo \"error: The sandbox is not in sync with the Podfile.lock. Run 'pod install' or update your CocoaPods installation.\" >&2\n    exit 1\nfi\n# This output is used by Xcode 'outputs' to avoid re-running this script phase.\necho \"SUCCESS\" > \"${SCRIPT_OUTPUT_FILE_0}\"\n";
			showEnvVarsInLog = 0;
		};
		881F015D6BA02EE4A2E72E60 /* [CP] Embed Pods Frameworks */ = {
			isa = PBXShellScriptBuildPhase;
			buildActionMask = 2147483647;
			files = (
			);
			inputFileListPaths = (
			);
			inputPaths = (
				"${SRCROOT}/Pods/Target Support Files/Pods-Reciplease/Pods-Reciplease-frameworks.sh",
				"${BUILT_PRODUCTS_DIR}/Alamofire/Alamofire.framework",
				"${BUILT_PRODUCTS_DIR}/AlamofireImage/AlamofireImage.framework",
			);
			name = "[CP] Embed Pods Frameworks";
			outputFileListPaths = (
			);
			outputPaths = (
				"${TARGET_BUILD_DIR}/${FRAMEWORKS_FOLDER_PATH}/Alamofire.framework",
				"${TARGET_BUILD_DIR}/${FRAMEWORKS_FOLDER_PATH}/AlamofireImage.framework",
			);
			runOnlyForDeploymentPostprocessing = 0;
			shellPath = /bin/sh;
			shellScript = "\"${SRCROOT}/Pods/Target Support Files/Pods-Reciplease/Pods-Reciplease-frameworks.sh\"\n";
			showEnvVarsInLog = 0;
		};
/* End PBXShellScriptBuildPhase section */

/* Begin PBXSourcesBuildPhase section */
		3A3FB870223FBFFF008466A8 /* Sources */ = {
			isa = PBXSourcesBuildPhase;
			buildActionMask = 2147483647;
			files = (
				3A3FB885223FD706008466A8 /* IngredientsListTests.swift in Sources */,
				3A3FB887223FD714008466A8 /* RecipeDataTests.swift in Sources */,
				3A3FB881223FD24E008466A8 /* RecipeListTests.swift in Sources */,
				3A3FB883223FD3E1008466A8 /* TodaysRecipeTests.swift in Sources */,
				3A3FB87F223FC4AD008466A8 /* RecipeTests.swift in Sources */,
				3A3FB889223FD721008466A8 /* RecipeServiceTests.swift in Sources */,
			);
			runOnlyForDeploymentPostprocessing = 0;
		};
		3A41DDEB21F9FD7D00501748 /* Sources */ = {
			isa = PBXSourcesBuildPhase;
			buildActionMask = 2147483647;
			files = (
				3A0A324A21FA20D900D8CC32 /* SearchViewController.swift in Sources */,
				3A41DDF321F9FD7D00501748 /* AppDelegate.swift in Sources */,
				3AD4C6C2229440C30066F675 /* UIViewControllerExtension.swift in Sources */,
				3A3FB86D22390522008466A8 /* RecipeData.swift in Sources */,
				3AA228CF221DAF4F0093AAB5 /* WebViewController.swift in Sources */,
				3A3749442238015A000DB7F0 /* Reciplease.xcdatamodeld in Sources */,
				3A854B9622B7C38F000BE71E /* Constants.swift in Sources */,
				3A382F91220DB3D30054074E /* TodaysRecipeTableViewController.swift in Sources */,
				3AB6DBDB21FE461500F02C4E /* RecipeTableViewCell.swift in Sources */,
				3A41DE1521FA017000501748 /* RecipesTableViewController.swift in Sources */,
				3A41DE1921FA03A500501748 /* FavoritesTableViewController.swift in Sources */,
				3AE6DBDD22269B3A0053F741 /* ImagesManager.swift in Sources */,
				3A3F99C021FA09E800C466BA /* TodaysRecipeViewController.swift in Sources */,
				3A382F982211A5E80054074E /* TabBarViewController.swift in Sources */,
				3A42DB3021FB3675007F6D3C /* IngredientsList.swift in Sources */,
				3AB17D6021FB58CE00730C6F /* RecipeService.swift in Sources */,
				3A382F8B2208986D0054074E /* RecipesList.swift in Sources */,
				3A41DE1721FA024400501748 /* RecipeDetailsViewController.swift in Sources */,
				3AA228D32221A8DB0093AAB5 /* AnimationsManager.swift in Sources */,
				3A42DB2E21FB35C7007F6D3C /* Recipe.swift in Sources */,
				3A382F8F220DB1FA0054074E /* TodaysRecipe.swift in Sources */,
			);
			runOnlyForDeploymentPostprocessing = 0;
		};
/* End PBXSourcesBuildPhase section */

/* Begin PBXTargetDependency section */
		3A3FB87A223FBFFF008466A8 /* PBXTargetDependency */ = {
			isa = PBXTargetDependency;
			target = 3A41DDEE21F9FD7D00501748 /* Reciplease */;
			targetProxy = 3A3FB879223FBFFF008466A8 /* PBXContainerItemProxy */;
		};
/* End PBXTargetDependency section */

/* Begin PBXVariantGroup section */
		3A41DDF821F9FD7D00501748 /* Main.storyboard */ = {
			isa = PBXVariantGroup;
			children = (
				3A41DDF921F9FD7D00501748 /* Base */,
			);
			name = Main.storyboard;
			sourceTree = "<group>";
		};
		3A41DDFD21F9FD7E00501748 /* LaunchScreen.storyboard */ = {
			isa = PBXVariantGroup;
			children = (
				3A41DDFE21F9FD7E00501748 /* Base */,
			);
			name = LaunchScreen.storyboard;
			sourceTree = "<group>";
		};
/* End PBXVariantGroup section */

/* Begin XCBuildConfiguration section */
		3A3FB87C223FBFFF008466A8 /* Debug */ = {
			isa = XCBuildConfiguration;
			buildSettings = {
				BUNDLE_LOADER = "$(TEST_HOST)";
				CODE_SIGN_STYLE = Automatic;
				DEVELOPMENT_TEAM = 2Z2MNPW5C9;
				INFOPLIST_FILE = RecipleaseTests/Info.plist;
				LD_RUNPATH_SEARCH_PATHS = (
					"$(inherited)",
					"@executable_path/Frameworks",
					"@loader_path/Frameworks",
				);
				PRODUCT_BUNDLE_IDENTIFIER = fr.adriencarvalot.RecipleaseTests;
				PRODUCT_NAME = "$(TARGET_NAME)";
				SWIFT_VERSION = 5.0;
				TARGETED_DEVICE_FAMILY = "1,2";
				TEST_HOST = "$(BUILT_PRODUCTS_DIR)/Reciplease.app/Reciplease";
			};
			name = Debug;
		};
		3A3FB87D223FBFFF008466A8 /* Release */ = {
			isa = XCBuildConfiguration;
			buildSettings = {
				BUNDLE_LOADER = "$(TEST_HOST)";
				CODE_SIGN_STYLE = Automatic;
				DEVELOPMENT_TEAM = 2Z2MNPW5C9;
				INFOPLIST_FILE = RecipleaseTests/Info.plist;
				LD_RUNPATH_SEARCH_PATHS = (
					"$(inherited)",
					"@executable_path/Frameworks",
					"@loader_path/Frameworks",
				);
				PRODUCT_BUNDLE_IDENTIFIER = fr.adriencarvalot.RecipleaseTests;
				PRODUCT_NAME = "$(TARGET_NAME)";
				SWIFT_VERSION = 5.0;
				TARGETED_DEVICE_FAMILY = "1,2";
				TEST_HOST = "$(BUILT_PRODUCTS_DIR)/Reciplease.app/Reciplease";
			};
			name = Release;
		};
		3A41DE0C21F9FD7E00501748 /* Debug */ = {
			isa = XCBuildConfiguration;
			buildSettings = {
				ALWAYS_SEARCH_USER_PATHS = NO;
				CLANG_ANALYZER_NONNULL = YES;
				CLANG_ANALYZER_NUMBER_OBJECT_CONVERSION = YES_AGGRESSIVE;
				CLANG_CXX_LANGUAGE_STANDARD = "gnu++14";
				CLANG_CXX_LIBRARY = "libc++";
				CLANG_ENABLE_MODULES = YES;
				CLANG_ENABLE_OBJC_ARC = YES;
				CLANG_ENABLE_OBJC_WEAK = YES;
				CLANG_WARN_BLOCK_CAPTURE_AUTORELEASING = YES;
				CLANG_WARN_BOOL_CONVERSION = YES;
				CLANG_WARN_COMMA = YES;
				CLANG_WARN_CONSTANT_CONVERSION = YES;
				CLANG_WARN_DEPRECATED_OBJC_IMPLEMENTATIONS = YES;
				CLANG_WARN_DIRECT_OBJC_ISA_USAGE = YES_ERROR;
				CLANG_WARN_DOCUMENTATION_COMMENTS = YES;
				CLANG_WARN_EMPTY_BODY = YES;
				CLANG_WARN_ENUM_CONVERSION = YES;
				CLANG_WARN_INFINITE_RECURSION = YES;
				CLANG_WARN_INT_CONVERSION = YES;
				CLANG_WARN_NON_LITERAL_NULL_CONVERSION = YES;
				CLANG_WARN_OBJC_IMPLICIT_RETAIN_SELF = YES;
				CLANG_WARN_OBJC_LITERAL_CONVERSION = YES;
				CLANG_WARN_OBJC_ROOT_CLASS = YES_ERROR;
				CLANG_WARN_RANGE_LOOP_ANALYSIS = YES;
				CLANG_WARN_STRICT_PROTOTYPES = YES;
				CLANG_WARN_SUSPICIOUS_MOVE = YES;
				CLANG_WARN_UNGUARDED_AVAILABILITY = YES_AGGRESSIVE;
				CLANG_WARN_UNREACHABLE_CODE = YES;
				CLANG_WARN__DUPLICATE_METHOD_MATCH = YES;
				CODE_SIGN_IDENTITY = "iPhone Developer";
				COPY_PHASE_STRIP = NO;
				DEBUG_INFORMATION_FORMAT = dwarf;
				ENABLE_STRICT_OBJC_MSGSEND = YES;
				ENABLE_TESTABILITY = YES;
				GCC_C_LANGUAGE_STANDARD = gnu11;
				GCC_DYNAMIC_NO_PIC = NO;
				GCC_NO_COMMON_BLOCKS = YES;
				GCC_OPTIMIZATION_LEVEL = 0;
				GCC_PREPROCESSOR_DEFINITIONS = (
					"DEBUG=1",
					"$(inherited)",
				);
				GCC_WARN_64_TO_32_BIT_CONVERSION = YES;
				GCC_WARN_ABOUT_RETURN_TYPE = YES_ERROR;
				GCC_WARN_UNDECLARED_SELECTOR = YES;
				GCC_WARN_UNINITIALIZED_AUTOS = YES_AGGRESSIVE;
				GCC_WARN_UNUSED_FUNCTION = YES;
				GCC_WARN_UNUSED_VARIABLE = YES;
				IPHONEOS_DEPLOYMENT_TARGET = 12.1;
				MTL_ENABLE_DEBUG_INFO = INCLUDE_SOURCE;
				MTL_FAST_MATH = YES;
				ONLY_ACTIVE_ARCH = YES;
				SDKROOT = iphoneos;
				SWIFT_ACTIVE_COMPILATION_CONDITIONS = DEBUG;
				SWIFT_OPTIMIZATION_LEVEL = "-Onone";
			};
			name = Debug;
		};
		3A41DE0D21F9FD7E00501748 /* Release */ = {
			isa = XCBuildConfiguration;
			buildSettings = {
				ALWAYS_SEARCH_USER_PATHS = NO;
				CLANG_ANALYZER_NONNULL = YES;
				CLANG_ANALYZER_NUMBER_OBJECT_CONVERSION = YES_AGGRESSIVE;
				CLANG_CXX_LANGUAGE_STANDARD = "gnu++14";
				CLANG_CXX_LIBRARY = "libc++";
				CLANG_ENABLE_MODULES = YES;
				CLANG_ENABLE_OBJC_ARC = YES;
				CLANG_ENABLE_OBJC_WEAK = YES;
				CLANG_WARN_BLOCK_CAPTURE_AUTORELEASING = YES;
				CLANG_WARN_BOOL_CONVERSION = YES;
				CLANG_WARN_COMMA = YES;
				CLANG_WARN_CONSTANT_CONVERSION = YES;
				CLANG_WARN_DEPRECATED_OBJC_IMPLEMENTATIONS = YES;
				CLANG_WARN_DIRECT_OBJC_ISA_USAGE = YES_ERROR;
				CLANG_WARN_DOCUMENTATION_COMMENTS = YES;
				CLANG_WARN_EMPTY_BODY = YES;
				CLANG_WARN_ENUM_CONVERSION = YES;
				CLANG_WARN_INFINITE_RECURSION = YES;
				CLANG_WARN_INT_CONVERSION = YES;
				CLANG_WARN_NON_LITERAL_NULL_CONVERSION = YES;
				CLANG_WARN_OBJC_IMPLICIT_RETAIN_SELF = YES;
				CLANG_WARN_OBJC_LITERAL_CONVERSION = YES;
				CLANG_WARN_OBJC_ROOT_CLASS = YES_ERROR;
				CLANG_WARN_RANGE_LOOP_ANALYSIS = YES;
				CLANG_WARN_STRICT_PROTOTYPES = YES;
				CLANG_WARN_SUSPICIOUS_MOVE = YES;
				CLANG_WARN_UNGUARDED_AVAILABILITY = YES_AGGRESSIVE;
				CLANG_WARN_UNREACHABLE_CODE = YES;
				CLANG_WARN__DUPLICATE_METHOD_MATCH = YES;
				CODE_SIGN_IDENTITY = "iPhone Developer";
				COPY_PHASE_STRIP = NO;
				DEBUG_INFORMATION_FORMAT = "dwarf-with-dsym";
				ENABLE_NS_ASSERTIONS = NO;
				ENABLE_STRICT_OBJC_MSGSEND = YES;
				GCC_C_LANGUAGE_STANDARD = gnu11;
				GCC_NO_COMMON_BLOCKS = YES;
				GCC_WARN_64_TO_32_BIT_CONVERSION = YES;
				GCC_WARN_ABOUT_RETURN_TYPE = YES_ERROR;
				GCC_WARN_UNDECLARED_SELECTOR = YES;
				GCC_WARN_UNINITIALIZED_AUTOS = YES_AGGRESSIVE;
				GCC_WARN_UNUSED_FUNCTION = YES;
				GCC_WARN_UNUSED_VARIABLE = YES;
				IPHONEOS_DEPLOYMENT_TARGET = 12.1;
				MTL_ENABLE_DEBUG_INFO = NO;
				MTL_FAST_MATH = YES;
				SDKROOT = iphoneos;
				SWIFT_COMPILATION_MODE = wholemodule;
				SWIFT_OPTIMIZATION_LEVEL = "-O";
				VALIDATE_PRODUCT = YES;
			};
			name = Release;
		};
		3A41DE0F21F9FD7E00501748 /* Debug */ = {
			isa = XCBuildConfiguration;
			baseConfigurationReference = DE438F92B7F78D34B000F808 /* Pods-Reciplease.debug.xcconfig */;
			buildSettings = {
				ASSETCATALOG_COMPILER_APPICON_NAME = AppIcon;
				CODE_SIGN_STYLE = Automatic;
				DEVELOPMENT_TEAM = 2Z2MNPW5C9;
				INFOPLIST_FILE = "$(SRCROOT)/Reciplease/Supporting Files/Info.plist";
				LD_RUNPATH_SEARCH_PATHS = (
					"$(inherited)",
					"@executable_path/Frameworks",
				);
				PRODUCT_BUNDLE_IDENTIFIER = fr.adriencarvalot.Reciplease;
				PRODUCT_NAME = "$(TARGET_NAME)";
				SWIFT_VERSION = 5.0;
				TARGETED_DEVICE_FAMILY = "1,2";
			};
			name = Debug;
		};
		3A41DE1021F9FD7E00501748 /* Release */ = {
			isa = XCBuildConfiguration;
			baseConfigurationReference = 50841EF5759CE96FBAE8E0FD /* Pods-Reciplease.release.xcconfig */;
			buildSettings = {
				ASSETCATALOG_COMPILER_APPICON_NAME = AppIcon;
				CODE_SIGN_STYLE = Automatic;
				DEVELOPMENT_TEAM = 2Z2MNPW5C9;
				INFOPLIST_FILE = "$(SRCROOT)/Reciplease/Supporting Files/Info.plist";
				LD_RUNPATH_SEARCH_PATHS = (
					"$(inherited)",
					"@executable_path/Frameworks",
				);
				PRODUCT_BUNDLE_IDENTIFIER = fr.adriencarvalot.Reciplease;
				PRODUCT_NAME = "$(TARGET_NAME)";
				SWIFT_VERSION = 5.0;
				TARGETED_DEVICE_FAMILY = "1,2";
			};
			name = Release;
		};
/* End XCBuildConfiguration section */

/* Begin XCConfigurationList section */
		3A3FB87B223FBFFF008466A8 /* Build configuration list for PBXNativeTarget "RecipleaseTests" */ = {
			isa = XCConfigurationList;
			buildConfigurations = (
				3A3FB87C223FBFFF008466A8 /* Debug */,
				3A3FB87D223FBFFF008466A8 /* Release */,
			);
			defaultConfigurationIsVisible = 0;
			defaultConfigurationName = Release;
		};
		3A41DDEA21F9FD7D00501748 /* Build configuration list for PBXProject "Reciplease" */ = {
			isa = XCConfigurationList;
			buildConfigurations = (
				3A41DE0C21F9FD7E00501748 /* Debug */,
				3A41DE0D21F9FD7E00501748 /* Release */,
			);
			defaultConfigurationIsVisible = 0;
			defaultConfigurationName = Release;
		};
		3A41DE0E21F9FD7E00501748 /* Build configuration list for PBXNativeTarget "Reciplease" */ = {
			isa = XCConfigurationList;
			buildConfigurations = (
				3A41DE0F21F9FD7E00501748 /* Debug */,
				3A41DE1021F9FD7E00501748 /* Release */,
			);
			defaultConfigurationIsVisible = 0;
			defaultConfigurationName = Release;
		};
/* End XCConfigurationList section */

/* Begin XCVersionGroup section */
		3A3749422238015A000DB7F0 /* Reciplease.xcdatamodeld */ = {
			isa = XCVersionGroup;
			children = (
				3A3749432238015A000DB7F0 /* Reciplease.xcdatamodel */,
			);
			currentVersion = 3A3749432238015A000DB7F0 /* Reciplease.xcdatamodel */;
			path = Reciplease.xcdatamodeld;
			sourceTree = "<group>";
			versionGroupType = wrapper.xcdatamodel;
		};
/* End XCVersionGroup section */
	};
	rootObject = 3A41DDE721F9FD7D00501748 /* Project object */;
}
