// !$*UTF8*$!
{
	archiveVersion = 1;
	classes = {
	};
	objectVersion = 50;
	objects = {

/* Begin PBXBuildFile section */
		3A0A324A21FA20D900D8CC32 /* SearchViewController.swift in Sources */ = {isa = PBXBuildFile; fileRef = 3A0A324921FA20D900D8CC32 /* SearchViewController.swift */; };
		3A3F99C021FA09E800C466BA /* TodaysRecipeViewController.swift in Sources */ = {isa = PBXBuildFile; fileRef = 3A3F99BF21FA09E800C466BA /* TodaysRecipeViewController.swift */; };
		3A41DDF321F9FD7D00501748 /* AppDelegate.swift in Sources */ = {isa = PBXBuildFile; fileRef = 3A41DDF221F9FD7D00501748 /* AppDelegate.swift */; };
		3A41DDFA21F9FD7D00501748 /* Main.storyboard in Resources */ = {isa = PBXBuildFile; fileRef = 3A41DDF821F9FD7D00501748 /* Main.storyboard */; };
		3A41DDFC21F9FD7E00501748 /* Assets.xcassets in Resources */ = {isa = PBXBuildFile; fileRef = 3A41DDFB21F9FD7E00501748 /* Assets.xcassets */; };
		3A41DDFF21F9FD7E00501748 /* LaunchScreen.storyboard in Resources */ = {isa = PBXBuildFile; fileRef = 3A41DDFD21F9FD7E00501748 /* LaunchScreen.storyboard */; };
		3A41DE0A21F9FD7E00501748 /* RecipleaseTests.swift in Sources */ = {isa = PBXBuildFile; fileRef = 3A41DE0921F9FD7E00501748 /* RecipleaseTests.swift */; };
		3A41DE1521FA017000501748 /* RecipesTableViewController.swift in Sources */ = {isa = PBXBuildFile; fileRef = 3A41DE1421FA017000501748 /* RecipesTableViewController.swift */; };
		3A41DE1721FA024400501748 /* RecipeViewController.swift in Sources */ = {isa = PBXBuildFile; fileRef = 3A41DE1621FA024400501748 /* RecipeViewController.swift */; };
		3A41DE1921FA03A500501748 /* FavoritesTableViewController.swift in Sources */ = {isa = PBXBuildFile; fileRef = 3A41DE1821FA03A500501748 /* FavoritesTableViewController.swift */; };
		3A42DB2C21FA2F0D007F6D3C /* SearchRecipesView.swift in Sources */ = {isa = PBXBuildFile; fileRef = 3A42DB2B21FA2F0D007F6D3C /* SearchRecipesView.swift */; };
/* End PBXBuildFile section */

/* Begin PBXContainerItemProxy section */
		3A41DE0621F9FD7E00501748 /* PBXContainerItemProxy */ = {
			isa = PBXContainerItemProxy;
			containerPortal = 3A41DDE721F9FD7D00501748 /* Project object */;
			proxyType = 1;
			remoteGlobalIDString = 3A41DDEE21F9FD7D00501748;
			remoteInfo = Reciplease;
		};
/* End PBXContainerItemProxy section */

/* Begin PBXFileReference section */
		3A0A324921FA20D900D8CC32 /* SearchViewController.swift */ = {isa = PBXFileReference; lastKnownFileType = sourcecode.swift; path = SearchViewController.swift; sourceTree = "<group>"; };
		3A3F99BF21FA09E800C466BA /* TodaysRecipeViewController.swift */ = {isa = PBXFileReference; lastKnownFileType = sourcecode.swift; path = TodaysRecipeViewController.swift; sourceTree = "<group>"; };
		3A41DDEF21F9FD7D00501748 /* Reciplease.app */ = {isa = PBXFileReference; explicitFileType = wrapper.application; includeInIndex = 0; path = Reciplease.app; sourceTree = BUILT_PRODUCTS_DIR; };
		3A41DDF221F9FD7D00501748 /* AppDelegate.swift */ = {isa = PBXFileReference; lastKnownFileType = sourcecode.swift; path = AppDelegate.swift; sourceTree = "<group>"; };
		3A41DDF921F9FD7D00501748 /* Base */ = {isa = PBXFileReference; lastKnownFileType = file.storyboard; name = Base; path = Base.lproj/Main.storyboard; sourceTree = "<group>"; };
		3A41DDFB21F9FD7E00501748 /* Assets.xcassets */ = {isa = PBXFileReference; lastKnownFileType = folder.assetcatalog; path = Assets.xcassets; sourceTree = "<group>"; };
		3A41DDFE21F9FD7E00501748 /* Base */ = {isa = PBXFileReference; lastKnownFileType = file.storyboard; name = Base; path = Base.lproj/LaunchScreen.storyboard; sourceTree = "<group>"; };
		3A41DE0021F9FD7E00501748 /* Info.plist */ = {isa = PBXFileReference; lastKnownFileType = text.plist.xml; path = Info.plist; sourceTree = "<group>"; };
		3A41DE0521F9FD7E00501748 /* RecipleaseTests.xctest */ = {isa = PBXFileReference; explicitFileType = wrapper.cfbundle; includeInIndex = 0; path = RecipleaseTests.xctest; sourceTree = BUILT_PRODUCTS_DIR; };
		3A41DE0921F9FD7E00501748 /* RecipleaseTests.swift */ = {isa = PBXFileReference; lastKnownFileType = sourcecode.swift; path = RecipleaseTests.swift; sourceTree = "<group>"; };
		3A41DE0B21F9FD7E00501748 /* Info.plist */ = {isa = PBXFileReference; lastKnownFileType = text.plist.xml; path = Info.plist; sourceTree = "<group>"; };
		3A41DE1421FA017000501748 /* RecipesTableViewController.swift */ = {isa = PBXFileReference; lastKnownFileType = sourcecode.swift; path = RecipesTableViewController.swift; sourceTree = "<group>"; };
		3A41DE1621FA024400501748 /* RecipeViewController.swift */ = {isa = PBXFileReference; lastKnownFileType = sourcecode.swift; path = RecipeViewController.swift; sourceTree = "<group>"; };
		3A41DE1821FA03A500501748 /* FavoritesTableViewController.swift */ = {isa = PBXFileReference; lastKnownFileType = sourcecode.swift; path = FavoritesTableViewController.swift; sourceTree = "<group>"; };
		3A42DB2B21FA2F0D007F6D3C /* SearchRecipesView.swift */ = {isa = PBXFileReference; lastKnownFileType = sourcecode.swift; path = SearchRecipesView.swift; sourceTree = "<group>"; };
/* End PBXFileReference section */

/* Begin PBXFrameworksBuildPhase section */
		3A41DDEC21F9FD7D00501748 /* Frameworks */ = {
			isa = PBXFrameworksBuildPhase;
			buildActionMask = 2147483647;
			files = (
			);
			runOnlyForDeploymentPostprocessing = 0;
		};
		3A41DE0221F9FD7E00501748 /* Frameworks */ = {
			isa = PBXFrameworksBuildPhase;
			buildActionMask = 2147483647;
			files = (
			);
			runOnlyForDeploymentPostprocessing = 0;
		};
/* End PBXFrameworksBuildPhase section */

/* Begin PBXGroup section */
		3A3F99C121FA0A2300C466BA /* Controller */ = {
			isa = PBXGroup;
			children = (
				3A41DE1421FA017000501748 /* RecipesTableViewController.swift */,
				3A41DE1621FA024400501748 /* RecipeViewController.swift */,
				3A41DE1821FA03A500501748 /* FavoritesTableViewController.swift */,
				3A3F99BF21FA09E800C466BA /* TodaysRecipeViewController.swift */,
				3A0A324921FA20D900D8CC32 /* SearchViewController.swift */,
			);
			path = Controller;
			sourceTree = "<group>";
		};
		3A3F99C221FA0A2C00C466BA /* View */ = {
			isa = PBXGroup;
			children = (
				3A41DDF821F9FD7D00501748 /* Main.storyboard */,
				3A42DB2B21FA2F0D007F6D3C /* SearchRecipesView.swift */,
			);
			path = View;
			sourceTree = "<group>";
		};
		3A3F99C321FA0A3100C466BA /* Model */ = {
			isa = PBXGroup;
			children = (
			);
			path = Model;
			sourceTree = "<group>";
		};
		3A3F99C421FA0A3700C466BA /* Supporting Files */ = {
			isa = PBXGroup;
			children = (
				3A41DDF221F9FD7D00501748 /* AppDelegate.swift */,
				3A41DDFB21F9FD7E00501748 /* Assets.xcassets */,
				3A41DDFD21F9FD7E00501748 /* LaunchScreen.storyboard */,
				3A41DE0021F9FD7E00501748 /* Info.plist */,
			);
			path = "Supporting Files";
			sourceTree = "<group>";
		};
		3A41DDE621F9FD7D00501748 = {
			isa = PBXGroup;
			children = (
				3A41DDF121F9FD7D00501748 /* Reciplease */,
				3A41DE0821F9FD7E00501748 /* RecipleaseTests */,
				3A41DDF021F9FD7D00501748 /* Products */,
			);
			sourceTree = "<group>";
		};
		3A41DDF021F9FD7D00501748 /* Products */ = {
			isa = PBXGroup;
			children = (
				3A41DDEF21F9FD7D00501748 /* Reciplease.app */,
				3A41DE0521F9FD7E00501748 /* RecipleaseTests.xctest */,
			);
			name = Products;
			sourceTree = "<group>";
		};
		3A41DDF121F9FD7D00501748 /* Reciplease */ = {
			isa = PBXGroup;
			children = (
				3A3F99C421FA0A3700C466BA /* Supporting Files */,
				3A3F99C321FA0A3100C466BA /* Model */,
				3A3F99C221FA0A2C00C466BA /* View */,
				3A3F99C121FA0A2300C466BA /* Controller */,
			);
			path = Reciplease;
			sourceTree = "<group>";
		};
		3A41DE0821F9FD7E00501748 /* RecipleaseTests */ = {
			isa = PBXGroup;
			children = (
				3A41DE0921F9FD7E00501748 /* RecipleaseTests.swift */,
				3A41DE0B21F9FD7E00501748 /* Info.plist */,
			);
			path = RecipleaseTests;
			sourceTree = "<group>";
		};
/* End PBXGroup section */

/* Begin PBXNativeTarget section */
		3A41DDEE21F9FD7D00501748 /* Reciplease */ = {
			isa = PBXNativeTarget;
			buildConfigurationList = 3A41DE0E21F9FD7E00501748 /* Build configuration list for PBXNativeTarget "Reciplease" */;
			buildPhases = (
				3A41DDEB21F9FD7D00501748 /* Sources */,
				3A41DDEC21F9FD7D00501748 /* Frameworks */,
				3A41DDED21F9FD7D00501748 /* Resources */,
			);
			buildRules = (
			);
			dependencies = (
			);
			name = Reciplease;
			productName = Reciplease;
			productReference = 3A41DDEF21F9FD7D00501748 /* Reciplease.app */;
			productType = "com.apple.product-type.application";
		};
		3A41DE0421F9FD7E00501748 /* RecipleaseTests */ = {
			isa = PBXNativeTarget;
			buildConfigurationList = 3A41DE1121F9FD7E00501748 /* Build configuration list for PBXNativeTarget "RecipleaseTests" */;
			buildPhases = (
				3A41DE0121F9FD7E00501748 /* Sources */,
				3A41DE0221F9FD7E00501748 /* Frameworks */,
				3A41DE0321F9FD7E00501748 /* Resources */,
			);
			buildRules = (
			);
			dependencies = (
				3A41DE0721F9FD7E00501748 /* PBXTargetDependency */,
			);
			name = RecipleaseTests;
			productName = RecipleaseTests;
			productReference = 3A41DE0521F9FD7E00501748 /* RecipleaseTests.xctest */;
			productType = "com.apple.product-type.bundle.unit-test";
		};
/* End PBXNativeTarget section */

/* Begin PBXProject section */
		3A41DDE721F9FD7D00501748 /* Project object */ = {
			isa = PBXProject;
			attributes = {
				LastSwiftUpdateCheck = 1010;
				LastUpgradeCheck = 1010;
				ORGANIZATIONNAME = "Adrien Carvalot";
				TargetAttributes = {
					3A41DDEE21F9FD7D00501748 = {
						CreatedOnToolsVersion = 10.1;
					};
					3A41DE0421F9FD7E00501748 = {
						CreatedOnToolsVersion = 10.1;
						TestTargetID = 3A41DDEE21F9FD7D00501748;
					};
				};
			};
			buildConfigurationList = 3A41DDEA21F9FD7D00501748 /* Build configuration list for PBXProject "Reciplease" */;
			compatibilityVersion = "Xcode 9.3";
			developmentRegion = en;
			hasScannedForEncodings = 0;
			knownRegions = (
				en,
				Base,
			);
			mainGroup = 3A41DDE621F9FD7D00501748;
			productRefGroup = 3A41DDF021F9FD7D00501748 /* Products */;
			projectDirPath = "";
			projectRoot = "";
			targets = (
				3A41DDEE21F9FD7D00501748 /* Reciplease */,
				3A41DE0421F9FD7E00501748 /* RecipleaseTests */,
			);
		};
/* End PBXProject section */

/* Begin PBXResourcesBuildPhase section */
		3A41DDED21F9FD7D00501748 /* Resources */ = {
			isa = PBXResourcesBuildPhase;
			buildActionMask = 2147483647;
			files = (
				3A41DDFF21F9FD7E00501748 /* LaunchScreen.storyboard in Resources */,
				3A41DDFC21F9FD7E00501748 /* Assets.xcassets in Resources */,
				3A41DDFA21F9FD7D00501748 /* Main.storyboard in Resources */,
			);
			runOnlyForDeploymentPostprocessing = 0;
		};
		3A41DE0321F9FD7E00501748 /* Resources */ = {
			isa = PBXResourcesBuildPhase;
			buildActionMask = 2147483647;
			files = (
			);
			runOnlyForDeploymentPostprocessing = 0;
		};
/* End PBXResourcesBuildPhase section */

/* Begin PBXSourcesBuildPhase section */
		3A41DDEB21F9FD7D00501748 /* Sources */ = {
			isa = PBXSourcesBuildPhase;
			buildActionMask = 2147483647;
			files = (
				3A0A324A21FA20D900D8CC32 /* SearchViewController.swift in Sources */,
				3A41DDF321F9FD7D00501748 /* AppDelegate.swift in Sources */,
				3A42DB2C21FA2F0D007F6D3C /* SearchRecipesView.swift in Sources */,
				3A41DE1521FA017000501748 /* RecipesTableViewController.swift in Sources */,
				3A41DE1921FA03A500501748 /* FavoritesTableViewController.swift in Sources */,
				3A3F99C021FA09E800C466BA /* TodaysRecipeViewController.swift in Sources */,
				3A41DE1721FA024400501748 /* RecipeViewController.swift in Sources */,
			);
			runOnlyForDeploymentPostprocessing = 0;
		};
		3A41DE0121F9FD7E00501748 /* Sources */ = {
			isa = PBXSourcesBuildPhase;
			buildActionMask = 2147483647;
			files = (
				3A41DE0A21F9FD7E00501748 /* RecipleaseTests.swift in Sources */,
			);
			runOnlyForDeploymentPostprocessing = 0;
		};
/* End PBXSourcesBuildPhase section */

/* Begin PBXTargetDependency section */
		3A41DE0721F9FD7E00501748 /* PBXTargetDependency */ = {
			isa = PBXTargetDependency;
			target = 3A41DDEE21F9FD7D00501748 /* Reciplease */;
			targetProxy = 3A41DE0621F9FD7E00501748 /* PBXContainerItemProxy */;
		};
/* End PBXTargetDependency section */

/* Begin PBXVariantGroup section */
		3A41DDF821F9FD7D00501748 /* Main.storyboard */ = {
			isa = PBXVariantGroup;
			children = (
				3A41DDF921F9FD7D00501748 /* Base */,
			);
			name = Main.storyboard;
			sourceTree = "<group>";
		};
		3A41DDFD21F9FD7E00501748 /* LaunchScreen.storyboard */ = {
			isa = PBXVariantGroup;
			children = (
				3A41DDFE21F9FD7E00501748 /* Base */,
			);
			name = LaunchScreen.storyboard;
			sourceTree = "<group>";
		};
/* End PBXVariantGroup section */

/* Begin XCBuildConfiguration section */
		3A41DE0C21F9FD7E00501748 /* Debug */ = {
			isa = XCBuildConfiguration;
			buildSettings = {
				ALWAYS_SEARCH_USER_PATHS = NO;
				CLANG_ANALYZER_NONNULL = YES;
				CLANG_ANALYZER_NUMBER_OBJECT_CONVERSION = YES_AGGRESSIVE;
				CLANG_CXX_LANGUAGE_STANDARD = "gnu++14";
				CLANG_CXX_LIBRARY = "libc++";
				CLANG_ENABLE_MODULES = YES;
				CLANG_ENABLE_OBJC_ARC = YES;
				CLANG_ENABLE_OBJC_WEAK = YES;
				CLANG_WARN_BLOCK_CAPTURE_AUTORELEASING = YES;
				CLANG_WARN_BOOL_CONVERSION = YES;
				CLANG_WARN_COMMA = YES;
				CLANG_WARN_CONSTANT_CONVERSION = YES;
				CLANG_WARN_DEPRECATED_OBJC_IMPLEMENTATIONS = YES;
				CLANG_WARN_DIRECT_OBJC_ISA_USAGE = YES_ERROR;
				CLANG_WARN_DOCUMENTATION_COMMENTS = YES;
				CLANG_WARN_EMPTY_BODY = YES;
				CLANG_WARN_ENUM_CONVERSION = YES;
				CLANG_WARN_INFINITE_RECURSION = YES;
				CLANG_WARN_INT_CONVERSION = YES;
				CLANG_WARN_NON_LITERAL_NULL_CONVERSION = YES;
				CLANG_WARN_OBJC_IMPLICIT_RETAIN_SELF = YES;
				CLANG_WARN_OBJC_LITERAL_CONVERSION = YES;
				CLANG_WARN_OBJC_ROOT_CLASS = YES_ERROR;
				CLANG_WARN_RANGE_LOOP_ANALYSIS = YES;
				CLANG_WARN_STRICT_PROTOTYPES = YES;
				CLANG_WARN_SUSPICIOUS_MOVE = YES;
				CLANG_WARN_UNGUARDED_AVAILABILITY = YES_AGGRESSIVE;
				CLANG_WARN_UNREACHABLE_CODE = YES;
				CLANG_WARN__DUPLICATE_METHOD_MATCH = YES;
				CODE_SIGN_IDENTITY = "iPhone Developer";
				COPY_PHASE_STRIP = NO;
				DEBUG_INFORMATION_FORMAT = dwarf;
				ENABLE_STRICT_OBJC_MSGSEND = YES;
				ENABLE_TESTABILITY = YES;
				GCC_C_LANGUAGE_STANDARD = gnu11;
				GCC_DYNAMIC_NO_PIC = NO;
				GCC_NO_COMMON_BLOCKS = YES;
				GCC_OPTIMIZATION_LEVEL = 0;
				GCC_PREPROCESSOR_DEFINITIONS = (
					"DEBUG=1",
					"$(inherited)",
				);
				GCC_WARN_64_TO_32_BIT_CONVERSION = YES;
				GCC_WARN_ABOUT_RETURN_TYPE = YES_ERROR;
				GCC_WARN_UNDECLARED_SELECTOR = YES;
				GCC_WARN_UNINITIALIZED_AUTOS = YES_AGGRESSIVE;
				GCC_WARN_UNUSED_FUNCTION = YES;
				GCC_WARN_UNUSED_VARIABLE = YES;
				IPHONEOS_DEPLOYMENT_TARGET = 12.1;
				MTL_ENABLE_DEBUG_INFO = INCLUDE_SOURCE;
				MTL_FAST_MATH = YES;
				ONLY_ACTIVE_ARCH = YES;
				SDKROOT = iphoneos;
				SWIFT_ACTIVE_COMPILATION_CONDITIONS = DEBUG;
				SWIFT_OPTIMIZATION_LEVEL = "-Onone";
			};
			name = Debug;
		};
		3A41DE0D21F9FD7E00501748 /* Release */ = {
			isa = XCBuildConfiguration;
			buildSettings = {
				ALWAYS_SEARCH_USER_PATHS = NO;
				CLANG_ANALYZER_NONNULL = YES;
				CLANG_ANALYZER_NUMBER_OBJECT_CONVERSION = YES_AGGRESSIVE;
				CLANG_CXX_LANGUAGE_STANDARD = "gnu++14";
				CLANG_CXX_LIBRARY = "libc++";
				CLANG_ENABLE_MODULES = YES;
				CLANG_ENABLE_OBJC_ARC = YES;
				CLANG_ENABLE_OBJC_WEAK = YES;
				CLANG_WARN_BLOCK_CAPTURE_AUTORELEASING = YES;
				CLANG_WARN_BOOL_CONVERSION = YES;
				CLANG_WARN_COMMA = YES;
				CLANG_WARN_CONSTANT_CONVERSION = YES;
				CLANG_WARN_DEPRECATED_OBJC_IMPLEMENTATIONS = YES;
				CLANG_WARN_DIRECT_OBJC_ISA_USAGE = YES_ERROR;
				CLANG_WARN_DOCUMENTATION_COMMENTS = YES;
				CLANG_WARN_EMPTY_BODY = YES;
				CLANG_WARN_ENUM_CONVERSION = YES;
				CLANG_WARN_INFINITE_RECURSION = YES;
				CLANG_WARN_INT_CONVERSION = YES;
				CLANG_WARN_NON_LITERAL_NULL_CONVERSION = YES;
				CLANG_WARN_OBJC_IMPLICIT_RETAIN_SELF = YES;
				CLANG_WARN_OBJC_LITERAL_CONVERSION = YES;
				CLANG_WARN_OBJC_ROOT_CLASS = YES_ERROR;
				CLANG_WARN_RANGE_LOOP_ANALYSIS = YES;
				CLANG_WARN_STRICT_PROTOTYPES = YES;
				CLANG_WARN_SUSPICIOUS_MOVE = YES;
				CLANG_WARN_UNGUARDED_AVAILABILITY = YES_AGGRESSIVE;
				CLANG_WARN_UNREACHABLE_CODE = YES;
				CLANG_WARN__DUPLICATE_METHOD_MATCH = YES;
				CODE_SIGN_IDENTITY = "iPhone Developer";
				COPY_PHASE_STRIP = NO;
				DEBUG_INFORMATION_FORMAT = "dwarf-with-dsym";
				ENABLE_NS_ASSERTIONS = NO;
				ENABLE_STRICT_OBJC_MSGSEND = YES;
				GCC_C_LANGUAGE_STANDARD = gnu11;
				GCC_NO_COMMON_BLOCKS = YES;
				GCC_WARN_64_TO_32_BIT_CONVERSION = YES;
				GCC_WARN_ABOUT_RETURN_TYPE = YES_ERROR;
				GCC_WARN_UNDECLARED_SELECTOR = YES;
				GCC_WARN_UNINITIALIZED_AUTOS = YES_AGGRESSIVE;
				GCC_WARN_UNUSED_FUNCTION = YES;
				GCC_WARN_UNUSED_VARIABLE = YES;
				IPHONEOS_DEPLOYMENT_TARGET = 12.1;
				MTL_ENABLE_DEBUG_INFO = NO;
				MTL_FAST_MATH = YES;
				SDKROOT = iphoneos;
				SWIFT_COMPILATION_MODE = wholemodule;
				SWIFT_OPTIMIZATION_LEVEL = "-O";
				VALIDATE_PRODUCT = YES;
			};
			name = Release;
		};
		3A41DE0F21F9FD7E00501748 /* Debug */ = {
			isa = XCBuildConfiguration;
			buildSettings = {
				ASSETCATALOG_COMPILER_APPICON_NAME = AppIcon;
				CODE_SIGN_STYLE = Automatic;
				DEVELOPMENT_TEAM = 2Z2MNPW5C9;
				INFOPLIST_FILE = "$(SRCROOT)/Reciplease/Supporting Files/Info.plist";
				LD_RUNPATH_SEARCH_PATHS = (
					"$(inherited)",
					"@executable_path/Frameworks",
				);
				PRODUCT_BUNDLE_IDENTIFIER = fr.adriencarvalot.Reciplease;
				PRODUCT_NAME = "$(TARGET_NAME)";
				SWIFT_VERSION = 4.2;
				TARGETED_DEVICE_FAMILY = "1,2";
			};
			name = Debug;
		};
		3A41DE1021F9FD7E00501748 /* Release */ = {
			isa = XCBuildConfiguration;
			buildSettings = {
				ASSETCATALOG_COMPILER_APPICON_NAME = AppIcon;
				CODE_SIGN_STYLE = Automatic;
				DEVELOPMENT_TEAM = 2Z2MNPW5C9;
				INFOPLIST_FILE = "$(SRCROOT)/Reciplease/Supporting Files/Info.plist";
				LD_RUNPATH_SEARCH_PATHS = (
					"$(inherited)",
					"@executable_path/Frameworks",
				);
				PRODUCT_BUNDLE_IDENTIFIER = fr.adriencarvalot.Reciplease;
				PRODUCT_NAME = "$(TARGET_NAME)";
				SWIFT_VERSION = 4.2;
				TARGETED_DEVICE_FAMILY = "1,2";
			};
			name = Release;
		};
		3A41DE1221F9FD7E00501748 /* Debug */ = {
			isa = XCBuildConfiguration;
			buildSettings = {
				ALWAYS_EMBED_SWIFT_STANDARD_LIBRARIES = YES;
				BUNDLE_LOADER = "$(TEST_HOST)";
				CODE_SIGN_STYLE = Automatic;
				DEVELOPMENT_TEAM = 2Z2MNPW5C9;
				INFOPLIST_FILE = RecipleaseTests/Info.plist;
				LD_RUNPATH_SEARCH_PATHS = (
					"$(inherited)",
					"@executable_path/Frameworks",
					"@loader_path/Frameworks",
				);
				PRODUCT_BUNDLE_IDENTIFIER = fr.adriencarvalot.RecipleaseTests;
				PRODUCT_NAME = "$(TARGET_NAME)";
				SWIFT_VERSION = 4.2;
				TARGETED_DEVICE_FAMILY = "1,2";
				TEST_HOST = "$(BUILT_PRODUCTS_DIR)/Reciplease.app/Reciplease";
			};
			name = Debug;
		};
		3A41DE1321F9FD7E00501748 /* Release */ = {
			isa = XCBuildConfiguration;
			buildSettings = {
				ALWAYS_EMBED_SWIFT_STANDARD_LIBRARIES = YES;
				BUNDLE_LOADER = "$(TEST_HOST)";
				CODE_SIGN_STYLE = Automatic;
				DEVELOPMENT_TEAM = 2Z2MNPW5C9;
				INFOPLIST_FILE = RecipleaseTests/Info.plist;
				LD_RUNPATH_SEARCH_PATHS = (
					"$(inherited)",
					"@executable_path/Frameworks",
					"@loader_path/Frameworks",
				);
				PRODUCT_BUNDLE_IDENTIFIER = fr.adriencarvalot.RecipleaseTests;
				PRODUCT_NAME = "$(TARGET_NAME)";
				SWIFT_VERSION = 4.2;
				TARGETED_DEVICE_FAMILY = "1,2";
				TEST_HOST = "$(BUILT_PRODUCTS_DIR)/Reciplease.app/Reciplease";
			};
			name = Release;
		};
/* End XCBuildConfiguration section */

/* Begin XCConfigurationList section */
		3A41DDEA21F9FD7D00501748 /* Build configuration list for PBXProject "Reciplease" */ = {
			isa = XCConfigurationList;
			buildConfigurations = (
				3A41DE0C21F9FD7E00501748 /* Debug */,
				3A41DE0D21F9FD7E00501748 /* Release */,
			);
			defaultConfigurationIsVisible = 0;
			defaultConfigurationName = Release;
		};
		3A41DE0E21F9FD7E00501748 /* Build configuration list for PBXNativeTarget "Reciplease" */ = {
			isa = XCConfigurationList;
			buildConfigurations = (
				3A41DE0F21F9FD7E00501748 /* Debug */,
				3A41DE1021F9FD7E00501748 /* Release */,
			);
			defaultConfigurationIsVisible = 0;
			defaultConfigurationName = Release;
		};
		3A41DE1121F9FD7E00501748 /* Build configuration list for PBXNativeTarget "RecipleaseTests" */ = {
			isa = XCConfigurationList;
			buildConfigurations = (
				3A41DE1221F9FD7E00501748 /* Debug */,
				3A41DE1321F9FD7E00501748 /* Release */,
			);
			defaultConfigurationIsVisible = 0;
			defaultConfigurationName = Release;
		};
/* End XCConfigurationList section */
	};
	rootObject = 3A41DDE721F9FD7D00501748 /* Project object */;
}
